
Microsoft Visual Studio Solution File, Format Version 12.00
# Visual Studio Version 16
VisualStudioVersion = 25.0.1703.2
MinimumVisualStudioVersion = 10.0.40219.1
Project("{FAE04EC0-301F-11D3-BF4B-00C04F79EFBC}") = "BookingApi", "BookingApi\BookingApi.csproj", "{61EAB7DA-8263-42E6-B348-A6D665FB292F}"
EndProject
Global
	GlobalSection(SolutionConfigurationPlatforms) = preSolution
		Debug|Any CPU = Debug|Any CPU
		Release|Any CPU = Release|Any CPU
	EndGlobalSection
	GlobalSection(ProjectConfigurationPlatforms) = postSolution
		{61EAB7DA-8263-42E6-B348-A6D665FB292F}.Debug|Any CPU.ActiveCfg = Debug|Any CPU
		{61EAB7DA-8263-42E6-B348-A6D665FB292F}.Debug|Any CPU.Build.0 = Debug|Any CPU
		{61EAB7DA-8263-42E6-B348-A6D665FB292F}.Release|Any CPU.ActiveCfg = Release|Any CPU
		{61EAB7DA-8263-42E6-B348-A6D665FB292F}.Release|Any CPU.Build.0 = Release|Any CPU
	EndGlobalSection
	GlobalSection(SolutionProperties) = preSolution
		HideSolutionNode = FALSE
	EndGlobalSection
	GlobalSection(ExtensibilityGlobals) = postSolution
		SolutionGuid = {A4397177-3057-4ECD-8954-7D784DCF1FF7}
	EndGlobalSection
EndGlobal
